// !$*UTF8*$!
{
	archiveVersion = 1;
	classes = {
	};
	objectVersion = 46;
	objects = {

/* Begin PBXBuildFile section */
		339B85DA2F0E461231849384 /* Pods_MiniKart.framework in Frameworks */ = {isa = PBXBuildFile; fileRef = 695CDCAB0C6EB3D692452E4B /* Pods_MiniKart.framework */; settings = {ATTRIBUTES = (Weak, ); }; };
		4FDDF9BE1BB1D161004FF2F1 /* UISplitViewControllerExtensions.swift in Sources */ = {isa = PBXBuildFile; fileRef = 4FDDF9BD1BB1D161004FF2F1 /* UISplitViewControllerExtensions.swift */; };
		4FDDF9CE1BB3687D004FF2F1 /* MKPopupController.m in Sources */ = {isa = PBXBuildFile; fileRef = 4FDDF9CD1BB3687D004FF2F1 /* MKPopupController.m */; settings = {ASSET_TAGS = (); }; };
		4FDDF9D11BB4630E004FF2F1 /* AddItemViewController.swift in Sources */ = {isa = PBXBuildFile; fileRef = 4FDDF9D01BB4630E004FF2F1 /* AddItemViewController.swift */; settings = {ASSET_TAGS = (); }; };
		4FDDF9D41BB4641D004FF2F1 /* UIStoryboardExtensions.swift in Sources */ = {isa = PBXBuildFile; fileRef = 4FDDF9D31BB4641D004FF2F1 /* UIStoryboardExtensions.swift */; settings = {ASSET_TAGS = (); }; };
		4FDDF9D61BB4773C004FF2F1 /* UIDeviceExtensions.swift in Sources */ = {isa = PBXBuildFile; fileRef = 4FDDF9D51BB4773C004FF2F1 /* UIDeviceExtensions.swift */; settings = {ASSET_TAGS = (); }; };
		4FDDF9DC1BB490D8004FF2F1 /* MKACropViewController.m in Sources */ = {isa = PBXBuildFile; fileRef = 4FDDF9DB1BB490D8004FF2F1 /* MKACropViewController.m */; settings = {ASSET_TAGS = (); }; };
		4FDDF9DE1BB4A4F0004FF2F1 /* LineTextField.swift in Sources */ = {isa = PBXBuildFile; fileRef = 4FDDF9DD1BB4A4F0004FF2F1 /* LineTextField.swift */; settings = {ASSET_TAGS = (); }; };
		4FDDF9E21BB4AA42004FF2F1 /* UIViewExtensions.swift in Sources */ = {isa = PBXBuildFile; fileRef = 4FDDF9E11BB4AA42004FF2F1 /* UIViewExtensions.swift */; settings = {ASSET_TAGS = (); }; };
		4FDDF9E51BB4AD3D004FF2F1 /* MenuItem.swift in Sources */ = {isa = PBXBuildFile; fileRef = 4FDDF9E41BB4AD3D004FF2F1 /* MenuItem.swift */; settings = {ASSET_TAGS = (); }; };
		4FDDF9E71BB4B1AB004FF2F1 /* UITextFieldExtensions.swift in Sources */ = {isa = PBXBuildFile; fileRef = 4FDDF9E61BB4B1AB004FF2F1 /* UITextFieldExtensions.swift */; settings = {ASSET_TAGS = (); }; };
		4FDDF9E91BB4BCC8004FF2F1 /* MenuItemCell.swift in Sources */ = {isa = PBXBuildFile; fileRef = 4FDDF9E81BB4BCC8004FF2F1 /* MenuItemCell.swift */; settings = {ASSET_TAGS = (); }; };
		4FDDF9EC1BB4BE43004FF2F1 /* FormatStringProtocol.swift in Sources */ = {isa = PBXBuildFile; fileRef = 4FDDF9EB1BB4BE43004FF2F1 /* FormatStringProtocol.swift */; settings = {ASSET_TAGS = (); }; };
		4FDDF9EE1BB5C286004FF2F1 /* ItemProvider.swift in Sources */ = {isa = PBXBuildFile; fileRef = 4FDDF9ED1BB5C286004FF2F1 /* ItemProvider.swift */; settings = {ASSET_TAGS = (); }; };
		4FDDF9F11BB74F24004FF2F1 /* CheckoutBar.swift in Sources */ = {isa = PBXBuildFile; fileRef = 4FDDF9F01BB74F24004FF2F1 /* CheckoutBar.swift */; settings = {ASSET_TAGS = (); }; };
		4FDF6FE31BB08CE30029FEAE /* AppDelegate.swift in Sources */ = {isa = PBXBuildFile; fileRef = 4FDF6FE21BB08CE30029FEAE /* AppDelegate.swift */; };
		4FDF6FE51BB08CE30029FEAE /* MasterViewController.swift in Sources */ = {isa = PBXBuildFile; fileRef = 4FDF6FE41BB08CE30029FEAE /* MasterViewController.swift */; };
		4FDF6FE71BB08CE30029FEAE /* DetailViewController.swift in Sources */ = {isa = PBXBuildFile; fileRef = 4FDF6FE61BB08CE30029FEAE /* DetailViewController.swift */; };
		4FDF6FEA1BB08CE30029FEAE /* Main.storyboard in Resources */ = {isa = PBXBuildFile; fileRef = 4FDF6FE81BB08CE30029FEAE /* Main.storyboard */; };
		4FDF6FEC1BB08CE30029FEAE /* Assets.xcassets in Resources */ = {isa = PBXBuildFile; fileRef = 4FDF6FEB1BB08CE30029FEAE /* Assets.xcassets */; };
		4FDF6FEF1BB08CE30029FEAE /* LaunchScreen.storyboard in Resources */ = {isa = PBXBuildFile; fileRef = 4FDF6FED1BB08CE30029FEAE /* LaunchScreen.storyboard */; };
		4FDF6FFA1BB08CE30029FEAE /* MiniKartTests.swift in Sources */ = {isa = PBXBuildFile; fileRef = 4FDF6FF91BB08CE30029FEAE /* MiniKartTests.swift */; };
		4FDF70051BB08CE30029FEAE /* MiniKartUITests.swift in Sources */ = {isa = PBXBuildFile; fileRef = 4FDF70041BB08CE30029FEAE /* MiniKartUITests.swift */; };
		4FE8D78C1BBB0A8200EDF439 /* FlintConnectSDK.framework in Frameworks */ = {isa = PBXBuildFile; fileRef = 4FE8D78B1BBB0A8200EDF439 /* FlintConnectSDK.framework */; };
		4FE8D78D1BBB0A8200EDF439 /* FlintConnectSDK.framework in Embed Frameworks */ = {isa = PBXBuildFile; fileRef = 4FE8D78B1BBB0A8200EDF439 /* FlintConnectSDK.framework */; settings = {ATTRIBUTES = (CodeSignOnCopy, RemoveHeadersOnCopy, ); }; };
		4FE8D78F1BBB15E300EDF439 /* GalleryCell.swift in Sources */ = {isa = PBXBuildFile; fileRef = 4FE8D78E1BBB15E300EDF439 /* GalleryCell.swift */; settings = {ASSET_TAGS = (); }; };
/* End PBXBuildFile section */

/* Begin PBXContainerItemProxy section */
		4FDF6FF61BB08CE30029FEAE /* PBXContainerItemProxy */ = {
			isa = PBXContainerItemProxy;
			containerPortal = 4FDF6FD71BB08CE30029FEAE /* Project object */;
			proxyType = 1;
			remoteGlobalIDString = 4FDF6FDE1BB08CE30029FEAE;
			remoteInfo = MiniKart;
		};
		4FDF70011BB08CE30029FEAE /* PBXContainerItemProxy */ = {
			isa = PBXContainerItemProxy;
			containerPortal = 4FDF6FD71BB08CE30029FEAE /* Project object */;
			proxyType = 1;
			remoteGlobalIDString = 4FDF6FDE1BB08CE30029FEAE;
			remoteInfo = MiniKart;
		};
/* End PBXContainerItemProxy section */

/* Begin PBXCopyFilesBuildPhase section */
		4FDF70151BB08FD70029FEAE /* Embed Frameworks */ = {
			isa = PBXCopyFilesBuildPhase;
			buildActionMask = 2147483647;
			dstPath = "";
			dstSubfolderSpec = 10;
			files = (
				4FE8D78D1BBB0A8200EDF439 /* FlintConnectSDK.framework in Embed Frameworks */,
			);
			name = "Embed Frameworks";
			runOnlyForDeploymentPostprocessing = 0;
		};
/* End PBXCopyFilesBuildPhase section */

/* Begin PBXFileReference section */
		4FDDF9BD1BB1D161004FF2F1 /* UISplitViewControllerExtensions.swift */ = {isa = PBXFileReference; fileEncoding = 4; lastKnownFileType = sourcecode.swift; path = UISplitViewControllerExtensions.swift; sourceTree = "<group>"; };
		4FDDF9C81BB36744004FF2F1 /* MiniKart-Bridging-Header.h */ = {isa = PBXFileReference; lastKnownFileType = sourcecode.c.h; path = "MiniKart-Bridging-Header.h"; sourceTree = "<group>"; };
		4FDDF9CC1BB3687D004FF2F1 /* MKPopupController.h */ = {isa = PBXFileReference; fileEncoding = 4; lastKnownFileType = sourcecode.c.h; path = MKPopupController.h; sourceTree = "<group>"; };
		4FDDF9CD1BB3687D004FF2F1 /* MKPopupController.m */ = {isa = PBXFileReference; fileEncoding = 4; lastKnownFileType = sourcecode.c.objc; path = MKPopupController.m; sourceTree = "<group>"; };
		4FDDF9D01BB4630E004FF2F1 /* AddItemViewController.swift */ = {isa = PBXFileReference; fileEncoding = 4; lastKnownFileType = sourcecode.swift; path = AddItemViewController.swift; sourceTree = "<group>"; };
		4FDDF9D31BB4641D004FF2F1 /* UIStoryboardExtensions.swift */ = {isa = PBXFileReference; fileEncoding = 4; lastKnownFileType = sourcecode.swift; path = UIStoryboardExtensions.swift; sourceTree = "<group>"; };
		4FDDF9D51BB4773C004FF2F1 /* UIDeviceExtensions.swift */ = {isa = PBXFileReference; fileEncoding = 4; lastKnownFileType = sourcecode.swift; path = UIDeviceExtensions.swift; sourceTree = "<group>"; };
		4FDDF9DA1BB490D8004FF2F1 /* MKACropViewController.h */ = {isa = PBXFileReference; fileEncoding = 4; lastKnownFileType = sourcecode.c.h; path = MKACropViewController.h; sourceTree = "<group>"; };
		4FDDF9DB1BB490D8004FF2F1 /* MKACropViewController.m */ = {isa = PBXFileReference; fileEncoding = 4; lastKnownFileType = sourcecode.c.objc; path = MKACropViewController.m; sourceTree = "<group>"; };
		4FDDF9DD1BB4A4F0004FF2F1 /* LineTextField.swift */ = {isa = PBXFileReference; fileEncoding = 4; lastKnownFileType = sourcecode.swift; path = LineTextField.swift; sourceTree = "<group>"; };
		4FDDF9E11BB4AA42004FF2F1 /* UIViewExtensions.swift */ = {isa = PBXFileReference; fileEncoding = 4; lastKnownFileType = sourcecode.swift; path = UIViewExtensions.swift; sourceTree = "<group>"; };
		4FDDF9E41BB4AD3D004FF2F1 /* MenuItem.swift */ = {isa = PBXFileReference; fileEncoding = 4; lastKnownFileType = sourcecode.swift; path = MenuItem.swift; sourceTree = "<group>"; };
		4FDDF9E61BB4B1AB004FF2F1 /* UITextFieldExtensions.swift */ = {isa = PBXFileReference; fileEncoding = 4; lastKnownFileType = sourcecode.swift; path = UITextFieldExtensions.swift; sourceTree = "<group>"; };
		4FDDF9E81BB4BCC8004FF2F1 /* MenuItemCell.swift */ = {isa = PBXFileReference; fileEncoding = 4; lastKnownFileType = sourcecode.swift; path = MenuItemCell.swift; sourceTree = "<group>"; };
		4FDDF9EB1BB4BE43004FF2F1 /* FormatStringProtocol.swift */ = {isa = PBXFileReference; fileEncoding = 4; lastKnownFileType = sourcecode.swift; path = FormatStringProtocol.swift; sourceTree = "<group>"; };
		4FDDF9ED1BB5C286004FF2F1 /* ItemProvider.swift */ = {isa = PBXFileReference; fileEncoding = 4; lastKnownFileType = sourcecode.swift; path = ItemProvider.swift; sourceTree = "<group>"; };
		4FDDF9F01BB74F24004FF2F1 /* CheckoutBar.swift */ = {isa = PBXFileReference; fileEncoding = 4; lastKnownFileType = sourcecode.swift; path = CheckoutBar.swift; sourceTree = "<group>"; };
		4FDF6FDF1BB08CE30029FEAE /* MiniKart.app */ = {isa = PBXFileReference; explicitFileType = wrapper.application; includeInIndex = 0; path = MiniKart.app; sourceTree = BUILT_PRODUCTS_DIR; };
		4FDF6FE21BB08CE30029FEAE /* AppDelegate.swift */ = {isa = PBXFileReference; lastKnownFileType = sourcecode.swift; path = AppDelegate.swift; sourceTree = "<group>"; };
		4FDF6FE41BB08CE30029FEAE /* MasterViewController.swift */ = {isa = PBXFileReference; lastKnownFileType = sourcecode.swift; path = MasterViewController.swift; sourceTree = "<group>"; };
		4FDF6FE61BB08CE30029FEAE /* DetailViewController.swift */ = {isa = PBXFileReference; lastKnownFileType = sourcecode.swift; path = DetailViewController.swift; sourceTree = "<group>"; };
		4FDF6FE91BB08CE30029FEAE /* Base */ = {isa = PBXFileReference; lastKnownFileType = file.storyboard; name = Base; path = Base.lproj/Main.storyboard; sourceTree = "<group>"; };
		4FDF6FEB1BB08CE30029FEAE /* Assets.xcassets */ = {isa = PBXFileReference; lastKnownFileType = folder.assetcatalog; path = Assets.xcassets; sourceTree = "<group>"; };
		4FDF6FEE1BB08CE30029FEAE /* Base */ = {isa = PBXFileReference; lastKnownFileType = file.storyboard; name = Base; path = Base.lproj/LaunchScreen.storyboard; sourceTree = "<group>"; };
		4FDF6FF01BB08CE30029FEAE /* Info.plist */ = {isa = PBXFileReference; lastKnownFileType = text.plist.xml; path = Info.plist; sourceTree = "<group>"; };
		4FDF6FF51BB08CE30029FEAE /* MiniKartTests.xctest */ = {isa = PBXFileReference; explicitFileType = wrapper.cfbundle; includeInIndex = 0; path = MiniKartTests.xctest; sourceTree = BUILT_PRODUCTS_DIR; };
		4FDF6FF91BB08CE30029FEAE /* MiniKartTests.swift */ = {isa = PBXFileReference; lastKnownFileType = sourcecode.swift; path = MiniKartTests.swift; sourceTree = "<group>"; };
		4FDF6FFB1BB08CE30029FEAE /* Info.plist */ = {isa = PBXFileReference; lastKnownFileType = text.plist.xml; path = Info.plist; sourceTree = "<group>"; };
		4FDF70001BB08CE30029FEAE /* MiniKartUITests.xctest */ = {isa = PBXFileReference; explicitFileType = wrapper.cfbundle; includeInIndex = 0; path = MiniKartUITests.xctest; sourceTree = BUILT_PRODUCTS_DIR; };
		4FDF70041BB08CE30029FEAE /* MiniKartUITests.swift */ = {isa = PBXFileReference; lastKnownFileType = sourcecode.swift; path = MiniKartUITests.swift; sourceTree = "<group>"; };
		4FDF70061BB08CE30029FEAE /* Info.plist */ = {isa = PBXFileReference; lastKnownFileType = text.plist.xml; path = Info.plist; sourceTree = "<group>"; };
		4FE8D78B1BBB0A8200EDF439 /* FlintConnectSDK.framework */ = {isa = PBXFileReference; lastKnownFileType = wrapper.framework; path = FlintConnectSDK.framework; sourceTree = "<group>"; };
		4FE8D78E1BBB15E300EDF439 /* GalleryCell.swift */ = {isa = PBXFileReference; fileEncoding = 4; lastKnownFileType = sourcecode.swift; path = GalleryCell.swift; sourceTree = "<group>"; };
		501E05000885B3725BDBABDF /* Pods-MiniKart.release.xcconfig */ = {isa = PBXFileReference; includeInIndex = 1; lastKnownFileType = text.xcconfig; name = "Pods-MiniKart.release.xcconfig"; path = "Pods/Target Support Files/Pods-MiniKart/Pods-MiniKart.release.xcconfig"; sourceTree = "<group>"; };
		695CDCAB0C6EB3D692452E4B /* Pods_MiniKart.framework */ = {isa = PBXFileReference; explicitFileType = wrapper.framework; includeInIndex = 0; path = Pods_MiniKart.framework; sourceTree = BUILT_PRODUCTS_DIR; };
		8545EB77AE6DF19912672107 /* Pods-MiniKart.debug.xcconfig */ = {isa = PBXFileReference; includeInIndex = 1; lastKnownFileType = text.xcconfig; name = "Pods-MiniKart.debug.xcconfig"; path = "Pods/Target Support Files/Pods-MiniKart/Pods-MiniKart.debug.xcconfig"; sourceTree = "<group>"; };
/* End PBXFileReference section */

/* Begin PBXFrameworksBuildPhase section */
		4FDF6FDC1BB08CE30029FEAE /* Frameworks */ = {
			isa = PBXFrameworksBuildPhase;
			buildActionMask = 2147483647;
			files = (
				4FE8D78C1BBB0A8200EDF439 /* FlintConnectSDK.framework in Frameworks */,
				339B85DA2F0E461231849384 /* Pods_MiniKart.framework in Frameworks */,
			);
			runOnlyForDeploymentPostprocessing = 0;
		};
		4FDF6FF21BB08CE30029FEAE /* Frameworks */ = {
			isa = PBXFrameworksBuildPhase;
			buildActionMask = 2147483647;
			files = (
			);
			runOnlyForDeploymentPostprocessing = 0;
		};
		4FDF6FFD1BB08CE30029FEAE /* Frameworks */ = {
			isa = PBXFrameworksBuildPhase;
			buildActionMask = 2147483647;
			files = (
			);
			runOnlyForDeploymentPostprocessing = 0;
		};
/* End PBXFrameworksBuildPhase section */

/* Begin PBXGroup section */
		4FDDF9CF1BB368D1004FF2F1 /* Objc Wrapper */ = {
			isa = PBXGroup;
			children = (
				4FDDF9C81BB36744004FF2F1 /* MiniKart-Bridging-Header.h */,
				4FDDF9CC1BB3687D004FF2F1 /* MKPopupController.h */,
				4FDDF9CD1BB3687D004FF2F1 /* MKPopupController.m */,
				4FDDF9DA1BB490D8004FF2F1 /* MKACropViewController.h */,
				4FDDF9DB1BB490D8004FF2F1 /* MKACropViewController.m */,
			);
			name = "Objc Wrapper";
			sourceTree = "<group>";
		};
		4FDDF9D21BB46408004FF2F1 /* Extensions */ = {
			isa = PBXGroup;
			children = (
				4FDDF9D31BB4641D004FF2F1 /* UIStoryboardExtensions.swift */,
				4FDDF9D51BB4773C004FF2F1 /* UIDeviceExtensions.swift */,
				4FDDF9BD1BB1D161004FF2F1 /* UISplitViewControllerExtensions.swift */,
				4FDDF9E11BB4AA42004FF2F1 /* UIViewExtensions.swift */,
				4FDDF9E61BB4B1AB004FF2F1 /* UITextFieldExtensions.swift */,
			);
			name = Extensions;
			sourceTree = "<group>";
		};
		4FDDF9DF1BB4A516004FF2F1 /* View */ = {
			isa = PBXGroup;
			children = (
				4FDDF9DD1BB4A4F0004FF2F1 /* LineTextField.swift */,
				4FDDF9E81BB4BCC8004FF2F1 /* MenuItemCell.swift */,
				4FDDF9F01BB74F24004FF2F1 /* CheckoutBar.swift */,
				4FE8D78E1BBB15E300EDF439 /* GalleryCell.swift */,
			);
			name = View;
			sourceTree = "<group>";
		};
		4FDDF9E01BB4A52E004FF2F1 /* View Controller */ = {
			isa = PBXGroup;
			children = (
				4FDF6FE41BB08CE30029FEAE /* MasterViewController.swift */,
				4FDF6FE61BB08CE30029FEAE /* DetailViewController.swift */,
				4FDDF9D01BB4630E004FF2F1 /* AddItemViewController.swift */,
			);
			name = "View Controller";
			sourceTree = "<group>";
		};
		4FDDF9E31BB4AD16004FF2F1 /* Model */ = {
			isa = PBXGroup;
			children = (
				4FDDF9E41BB4AD3D004FF2F1 /* MenuItem.swift */,
			);
			name = Model;
			sourceTree = "<group>";
		};
		4FDDF9EA1BB4BE25004FF2F1 /* Protocol */ = {
			isa = PBXGroup;
			children = (
				4FDDF9EB1BB4BE43004FF2F1 /* FormatStringProtocol.swift */,
			);
			name = Protocol;
			sourceTree = "<group>";
		};
		4FDF6FD61BB08CE30029FEAE = {
			isa = PBXGroup;
			children = (
				4FE8D78B1BBB0A8200EDF439 /* FlintConnectSDK.framework */,
				4FDF6FE11BB08CE30029FEAE /* MiniKart */,
				4FDF6FF81BB08CE30029FEAE /* MiniKartTests */,
				4FDF70031BB08CE30029FEAE /* MiniKartUITests */,
				4FDF6FE01BB08CE30029FEAE /* Products */,
				CAA042FCD431E0CA91616550 /* Pods */,
				7CBFDD41CE05DC530A7BDB76 /* Frameworks */,
			);
			sourceTree = "<group>";
		};
		4FDF6FE01BB08CE30029FEAE /* Products */ = {
			isa = PBXGroup;
			children = (
				4FDF6FDF1BB08CE30029FEAE /* MiniKart.app */,
				4FDF6FF51BB08CE30029FEAE /* MiniKartTests.xctest */,
				4FDF70001BB08CE30029FEAE /* MiniKartUITests.xctest */,
			);
			name = Products;
			sourceTree = "<group>";
		};
		4FDF6FE11BB08CE30029FEAE /* MiniKart */ = {
			isa = PBXGroup;
			children = (
				4FDF6FE21BB08CE30029FEAE /* AppDelegate.swift */,
				4FDDF9ED1BB5C286004FF2F1 /* ItemProvider.swift */,
				4FDDF9E31BB4AD16004FF2F1 /* Model */,
				4FDDF9DF1BB4A516004FF2F1 /* View */,
				4FDDF9E01BB4A52E004FF2F1 /* View Controller */,
				4FDDF9D21BB46408004FF2F1 /* Extensions */,
				4FDDF9EA1BB4BE25004FF2F1 /* Protocol */,
				4FDDF9CF1BB368D1004FF2F1 /* Objc Wrapper */,
				4FDF6FE81BB08CE30029FEAE /* Main.storyboard */,
				4FDF6FEB1BB08CE30029FEAE /* Assets.xcassets */,
				4FDF6FED1BB08CE30029FEAE /* LaunchScreen.storyboard */,
				4FDF6FF01BB08CE30029FEAE /* Info.plist */,
			);
			path = MiniKart;
			sourceTree = "<group>";
		};
		4FDF6FF81BB08CE30029FEAE /* MiniKartTests */ = {
			isa = PBXGroup;
			children = (
				4FDF6FF91BB08CE30029FEAE /* MiniKartTests.swift */,
				4FDF6FFB1BB08CE30029FEAE /* Info.plist */,
			);
			path = MiniKartTests;
			sourceTree = "<group>";
		};
		4FDF70031BB08CE30029FEAE /* MiniKartUITests */ = {
			isa = PBXGroup;
			children = (
				4FDF70041BB08CE30029FEAE /* MiniKartUITests.swift */,
				4FDF70061BB08CE30029FEAE /* Info.plist */,
			);
			path = MiniKartUITests;
			sourceTree = "<group>";
		};
		7CBFDD41CE05DC530A7BDB76 /* Frameworks */ = {
			isa = PBXGroup;
			children = (
				695CDCAB0C6EB3D692452E4B /* Pods_MiniKart.framework */,
			);
			name = Frameworks;
			sourceTree = "<group>";
		};
		CAA042FCD431E0CA91616550 /* Pods */ = {
			isa = PBXGroup;
			children = (
				8545EB77AE6DF19912672107 /* Pods-MiniKart.debug.xcconfig */,
				501E05000885B3725BDBABDF /* Pods-MiniKart.release.xcconfig */,
			);
			name = Pods;
			sourceTree = "<group>";
		};
/* End PBXGroup section */

/* Begin PBXNativeTarget section */
		4FDF6FDE1BB08CE30029FEAE /* MiniKart */ = {
			isa = PBXNativeTarget;
			buildConfigurationList = 4FDF70091BB08CE30029FEAE /* Build configuration list for PBXNativeTarget "MiniKart" */;
			buildPhases = (
				FD3A26C2FDA40BFF1AC31125 /* Check Pods Manifest.lock */,
				4FDF6FDB1BB08CE30029FEAE /* Sources */,
				4FDF6FDC1BB08CE30029FEAE /* Frameworks */,
				4FDF6FDD1BB08CE30029FEAE /* Resources */,
				4FDF70151BB08FD70029FEAE /* Embed Frameworks */,
				96009227DF1454429E906B37 /* Embed Pods Frameworks */,
				B21533C087659C8AF8D7971F /* Copy Pods Resources */,
			);
			buildRules = (
			);
			dependencies = (
			);
			name = MiniKart;
			productName = MiniKart;
			productReference = 4FDF6FDF1BB08CE30029FEAE /* MiniKart.app */;
			productType = "com.apple.product-type.application";
		};
		4FDF6FF41BB08CE30029FEAE /* MiniKartTests */ = {
			isa = PBXNativeTarget;
			buildConfigurationList = 4FDF700C1BB08CE30029FEAE /* Build configuration list for PBXNativeTarget "MiniKartTests" */;
			buildPhases = (
				4FDF6FF11BB08CE30029FEAE /* Sources */,
				4FDF6FF21BB08CE30029FEAE /* Frameworks */,
				4FDF6FF31BB08CE30029FEAE /* Resources */,
			);
			buildRules = (
			);
			dependencies = (
				4FDF6FF71BB08CE30029FEAE /* PBXTargetDependency */,
			);
			name = MiniKartTests;
			productName = MiniKartTests;
			productReference = 4FDF6FF51BB08CE30029FEAE /* MiniKartTests.xctest */;
			productType = "com.apple.product-type.bundle.unit-test";
		};
		4FDF6FFF1BB08CE30029FEAE /* MiniKartUITests */ = {
			isa = PBXNativeTarget;
			buildConfigurationList = 4FDF700F1BB08CE30029FEAE /* Build configuration list for PBXNativeTarget "MiniKartUITests" */;
			buildPhases = (
				4FDF6FFC1BB08CE30029FEAE /* Sources */,
				4FDF6FFD1BB08CE30029FEAE /* Frameworks */,
				4FDF6FFE1BB08CE30029FEAE /* Resources */,
			);
			buildRules = (
			);
			dependencies = (
				4FDF70021BB08CE30029FEAE /* PBXTargetDependency */,
			);
			name = MiniKartUITests;
			productName = MiniKartUITests;
			productReference = 4FDF70001BB08CE30029FEAE /* MiniKartUITests.xctest */;
			productType = "com.apple.product-type.bundle.ui-testing";
		};
/* End PBXNativeTarget section */

/* Begin PBXProject section */
		4FDF6FD71BB08CE30029FEAE /* Project object */ = {
			isa = PBXProject;
			attributes = {
				LastSwiftUpdateCheck = 0700;
				LastUpgradeCheck = 0700;
				ORGANIZATIONNAME = Flint;
				TargetAttributes = {
					4FDF6FDE1BB08CE30029FEAE = {
						CreatedOnToolsVersion = 7.0;
						DevelopmentTeam = A3Q326E9GT;
					};
					4FDF6FF41BB08CE30029FEAE = {
						CreatedOnToolsVersion = 7.0;
						TestTargetID = 4FDF6FDE1BB08CE30029FEAE;
					};
					4FDF6FFF1BB08CE30029FEAE = {
						CreatedOnToolsVersion = 7.0;
						TestTargetID = 4FDF6FDE1BB08CE30029FEAE;
					};
				};
			};
			buildConfigurationList = 4FDF6FDA1BB08CE30029FEAE /* Build configuration list for PBXProject "MiniKart" */;
			compatibilityVersion = "Xcode 3.2";
			developmentRegion = English;
			hasScannedForEncodings = 0;
			knownRegions = (
				en,
				Base,
			);
			mainGroup = 4FDF6FD61BB08CE30029FEAE;
			productRefGroup = 4FDF6FE01BB08CE30029FEAE /* Products */;
			projectDirPath = "";
			projectRoot = "";
			targets = (
				4FDF6FDE1BB08CE30029FEAE /* MiniKart */,
				4FDF6FF41BB08CE30029FEAE /* MiniKartTests */,
				4FDF6FFF1BB08CE30029FEAE /* MiniKartUITests */,
			);
		};
/* End PBXProject section */

/* Begin PBXResourcesBuildPhase section */
		4FDF6FDD1BB08CE30029FEAE /* Resources */ = {
			isa = PBXResourcesBuildPhase;
			buildActionMask = 2147483647;
			files = (
				4FDF6FEF1BB08CE30029FEAE /* LaunchScreen.storyboard in Resources */,
				4FDF6FEC1BB08CE30029FEAE /* Assets.xcassets in Resources */,
				4FDF6FEA1BB08CE30029FEAE /* Main.storyboard in Resources */,
			);
			runOnlyForDeploymentPostprocessing = 0;
		};
		4FDF6FF31BB08CE30029FEAE /* Resources */ = {
			isa = PBXResourcesBuildPhase;
			buildActionMask = 2147483647;
			files = (
			);
			runOnlyForDeploymentPostprocessing = 0;
		};
		4FDF6FFE1BB08CE30029FEAE /* Resources */ = {
			isa = PBXResourcesBuildPhase;
			buildActionMask = 2147483647;
			files = (
			);
			runOnlyForDeploymentPostprocessing = 0;
		};
/* End PBXResourcesBuildPhase section */

/* Begin PBXShellScriptBuildPhase section */
		96009227DF1454429E906B37 /* Embed Pods Frameworks */ = {
			isa = PBXShellScriptBuildPhase;
			buildActionMask = 2147483647;
			files = (
			);
			inputPaths = (
			);
			name = "Embed Pods Frameworks";
			outputPaths = (
			);
			runOnlyForDeploymentPostprocessing = 0;
			shellPath = /bin/sh;
			shellScript = "\"${SRCROOT}/Pods/Target Support Files/Pods-MiniKart/Pods-MiniKart-frameworks.sh\"\n";
			showEnvVarsInLog = 0;
		};
		B21533C087659C8AF8D7971F /* Copy Pods Resources */ = {
			isa = PBXShellScriptBuildPhase;
			buildActionMask = 2147483647;
			files = (
			);
			inputPaths = (
			);
			name = "Copy Pods Resources";
			outputPaths = (
			);
			runOnlyForDeploymentPostprocessing = 0;
			shellPath = /bin/sh;
			shellScript = "\"${SRCROOT}/Pods/Target Support Files/Pods-MiniKart/Pods-MiniKart-resources.sh\"\n";
			showEnvVarsInLog = 0;
		};
		FD3A26C2FDA40BFF1AC31125 /* Check Pods Manifest.lock */ = {
			isa = PBXShellScriptBuildPhase;
			buildActionMask = 2147483647;
			files = (
			);
			inputPaths = (
			);
			name = "Check Pods Manifest.lock";
			outputPaths = (
			);
			runOnlyForDeploymentPostprocessing = 0;
			shellPath = /bin/sh;
			shellScript = "diff \"${PODS_ROOT}/../Podfile.lock\" \"${PODS_ROOT}/Manifest.lock\" > /dev/null\nif [[ $? != 0 ]] ; then\n    cat << EOM\nerror: The sandbox is not in sync with the Podfile.lock. Run 'pod install' or update your CocoaPods installation.\nEOM\n    exit 1\nfi\n";
			showEnvVarsInLog = 0;
		};
/* End PBXShellScriptBuildPhase section */

/* Begin PBXSourcesBuildPhase section */
		4FDF6FDB1BB08CE30029FEAE /* Sources */ = {
			isa = PBXSourcesBuildPhase;
			buildActionMask = 2147483647;
			files = (
				4FDDF9E21BB4AA42004FF2F1 /* UIViewExtensions.swift in Sources */,
				4FDF6FE71BB08CE30029FEAE /* DetailViewController.swift in Sources */,
				4FDDF9EC1BB4BE43004FF2F1 /* FormatStringProtocol.swift in Sources */,
				4FDDF9BE1BB1D161004FF2F1 /* UISplitViewControllerExtensions.swift in Sources */,
				4FDF6FE51BB08CE30029FEAE /* MasterViewController.swift in Sources */,
				4FDDF9F11BB74F24004FF2F1 /* CheckoutBar.swift in Sources */,
				4FDDF9CE1BB3687D004FF2F1 /* MKPopupController.m in Sources */,
				4FDDF9D41BB4641D004FF2F1 /* UIStoryboardExtensions.swift in Sources */,
				4FDDF9EE1BB5C286004FF2F1 /* ItemProvider.swift in Sources */,
				4FDDF9D61BB4773C004FF2F1 /* UIDeviceExtensions.swift in Sources */,
				4FDF6FE31BB08CE30029FEAE /* AppDelegate.swift in Sources */,
				4FDDF9DC1BB490D8004FF2F1 /* MKACropViewController.m in Sources */,
				4FE8D78F1BBB15E300EDF439 /* GalleryCell.swift in Sources */,
				4FDDF9E51BB4AD3D004FF2F1 /* MenuItem.swift in Sources */,
				4FDDF9D11BB4630E004FF2F1 /* AddItemViewController.swift in Sources */,
				4FDDF9E91BB4BCC8004FF2F1 /* MenuItemCell.swift in Sources */,
				4FDDF9E71BB4B1AB004FF2F1 /* UITextFieldExtensions.swift in Sources */,
				4FDDF9DE1BB4A4F0004FF2F1 /* LineTextField.swift in Sources */,
			);
			runOnlyForDeploymentPostprocessing = 0;
		};
		4FDF6FF11BB08CE30029FEAE /* Sources */ = {
			isa = PBXSourcesBuildPhase;
			buildActionMask = 2147483647;
			files = (
				4FDF6FFA1BB08CE30029FEAE /* MiniKartTests.swift in Sources */,
			);
			runOnlyForDeploymentPostprocessing = 0;
		};
		4FDF6FFC1BB08CE30029FEAE /* Sources */ = {
			isa = PBXSourcesBuildPhase;
			buildActionMask = 2147483647;
			files = (
				4FDF70051BB08CE30029FEAE /* MiniKartUITests.swift in Sources */,
			);
			runOnlyForDeploymentPostprocessing = 0;
		};
/* End PBXSourcesBuildPhase section */

/* Begin PBXTargetDependency section */
		4FDF6FF71BB08CE30029FEAE /* PBXTargetDependency */ = {
			isa = PBXTargetDependency;
			target = 4FDF6FDE1BB08CE30029FEAE /* MiniKart */;
			targetProxy = 4FDF6FF61BB08CE30029FEAE /* PBXContainerItemProxy */;
		};
		4FDF70021BB08CE30029FEAE /* PBXTargetDependency */ = {
			isa = PBXTargetDependency;
			target = 4FDF6FDE1BB08CE30029FEAE /* MiniKart */;
			targetProxy = 4FDF70011BB08CE30029FEAE /* PBXContainerItemProxy */;
		};
/* End PBXTargetDependency section */

/* Begin PBXVariantGroup section */
		4FDF6FE81BB08CE30029FEAE /* Main.storyboard */ = {
			isa = PBXVariantGroup;
			children = (
				4FDF6FE91BB08CE30029FEAE /* Base */,
			);
			name = Main.storyboard;
			sourceTree = "<group>";
		};
		4FDF6FED1BB08CE30029FEAE /* LaunchScreen.storyboard */ = {
			isa = PBXVariantGroup;
			children = (
				4FDF6FEE1BB08CE30029FEAE /* Base */,
			);
			name = LaunchScreen.storyboard;
			sourceTree = "<group>";
		};
/* End PBXVariantGroup section */

/* Begin XCBuildConfiguration section */
		4FDF70071BB08CE30029FEAE /* Debug */ = {
			isa = XCBuildConfiguration;
			buildSettings = {
				ALWAYS_SEARCH_USER_PATHS = NO;
				CLANG_CXX_LANGUAGE_STANDARD = "gnu++0x";
				CLANG_CXX_LIBRARY = "libc++";
				CLANG_ENABLE_MODULES = YES;
				CLANG_ENABLE_OBJC_ARC = YES;
				CLANG_WARN_BOOL_CONVERSION = YES;
				CLANG_WARN_CONSTANT_CONVERSION = YES;
				CLANG_WARN_DIRECT_OBJC_ISA_USAGE = YES_ERROR;
				CLANG_WARN_EMPTY_BODY = YES;
				CLANG_WARN_ENUM_CONVERSION = YES;
				CLANG_WARN_INT_CONVERSION = YES;
				CLANG_WARN_OBJC_ROOT_CLASS = YES_ERROR;
				CLANG_WARN_UNREACHABLE_CODE = YES;
				CLANG_WARN__DUPLICATE_METHOD_MATCH = YES;
				"CODE_SIGN_IDENTITY[sdk=iphoneos*]" = "iPhone Developer";
				COPY_PHASE_STRIP = NO;
				DEBUG_INFORMATION_FORMAT = dwarf;
				ENABLE_STRICT_OBJC_MSGSEND = YES;
				ENABLE_TESTABILITY = YES;
				GCC_C_LANGUAGE_STANDARD = gnu99;
				GCC_DYNAMIC_NO_PIC = NO;
				GCC_NO_COMMON_BLOCKS = YES;
				GCC_OPTIMIZATION_LEVEL = 0;
				GCC_PREPROCESSOR_DEFINITIONS = (
					"DEBUG=1",
					"$(inherited)",
				);
				GCC_WARN_64_TO_32_BIT_CONVERSION = YES;
				GCC_WARN_ABOUT_RETURN_TYPE = YES_ERROR;
				GCC_WARN_UNDECLARED_SELECTOR = YES;
				GCC_WARN_UNINITIALIZED_AUTOS = YES_AGGRESSIVE;
				GCC_WARN_UNUSED_FUNCTION = YES;
				GCC_WARN_UNUSED_VARIABLE = YES;
				IPHONEOS_DEPLOYMENT_TARGET = 8.0;
				MTL_ENABLE_DEBUG_INFO = YES;
				ONLY_ACTIVE_ARCH = YES;
				SDKROOT = iphoneos;
				SWIFT_OPTIMIZATION_LEVEL = "-Onone";
			};
			name = Debug;
		};
		4FDF70081BB08CE30029FEAE /* Release */ = {
			isa = XCBuildConfiguration;
			buildSettings = {
				ALWAYS_SEARCH_USER_PATHS = NO;
				CLANG_CXX_LANGUAGE_STANDARD = "gnu++0x";
				CLANG_CXX_LIBRARY = "libc++";
				CLANG_ENABLE_MODULES = YES;
				CLANG_ENABLE_OBJC_ARC = YES;
				CLANG_WARN_BOOL_CONVERSION = YES;
				CLANG_WARN_CONSTANT_CONVERSION = YES;
				CLANG_WARN_DIRECT_OBJC_ISA_USAGE = YES_ERROR;
				CLANG_WARN_EMPTY_BODY = YES;
				CLANG_WARN_ENUM_CONVERSION = YES;
				CLANG_WARN_INT_CONVERSION = YES;
				CLANG_WARN_OBJC_ROOT_CLASS = YES_ERROR;
				CLANG_WARN_UNREACHABLE_CODE = YES;
				CLANG_WARN__DUPLICATE_METHOD_MATCH = YES;
				"CODE_SIGN_IDENTITY[sdk=iphoneos*]" = "iPhone Developer";
				COPY_PHASE_STRIP = NO;
				DEBUG_INFORMATION_FORMAT = "dwarf-with-dsym";
				ENABLE_NS_ASSERTIONS = NO;
				ENABLE_STRICT_OBJC_MSGSEND = YES;
				GCC_C_LANGUAGE_STANDARD = gnu99;
				GCC_NO_COMMON_BLOCKS = YES;
				GCC_WARN_64_TO_32_BIT_CONVERSION = YES;
				GCC_WARN_ABOUT_RETURN_TYPE = YES_ERROR;
				GCC_WARN_UNDECLARED_SELECTOR = YES;
				GCC_WARN_UNINITIALIZED_AUTOS = YES_AGGRESSIVE;
				GCC_WARN_UNUSED_FUNCTION = YES;
				GCC_WARN_UNUSED_VARIABLE = YES;
				IPHONEOS_DEPLOYMENT_TARGET = 8.0;
				MTL_ENABLE_DEBUG_INFO = NO;
				SDKROOT = iphoneos;
				VALIDATE_PRODUCT = YES;
			};
			name = Release;
		};
		4FDF700A1BB08CE30029FEAE /* Debug */ = {
			isa = XCBuildConfiguration;
			baseConfigurationReference = 8545EB77AE6DF19912672107 /* Pods-MiniKart.debug.xcconfig */;
			buildSettings = {
				ASSETCATALOG_COMPILER_APPICON_NAME = AppIcon;
				CLANG_ENABLE_MODULES = YES;
				CODE_SIGN_IDENTITY = "iPhone Developer";
				ENABLE_BITCODE = NO;
				FRAMEWORK_SEARCH_PATHS = (
					"$(inherited)",
					"$(PROJECT_DIR)",
				);
				INFOPLIST_FILE = MiniKart/Info.plist;
				LD_RUNPATH_SEARCH_PATHS = "$(inherited) @executable_path/Frameworks";
				PRODUCT_BUNDLE_IDENTIFIER = com.flint.MiniKart;
				PRODUCT_NAME = "$(TARGET_NAME)";
				SWIFT_OBJC_BRIDGING_HEADER = "MiniKart/MiniKart-Bridging-Header.h";
				SWIFT_OPTIMIZATION_LEVEL = "-Onone";
				TARGETED_DEVICE_FAMILY = "1,2";
			};
			name = Debug;
		};
		4FDF700B1BB08CE30029FEAE /* Release */ = {
			isa = XCBuildConfiguration;
			baseConfigurationReference = 501E05000885B3725BDBABDF /* Pods-MiniKart.release.xcconfig */;
			buildSettings = {
				ASSETCATALOG_COMPILER_APPICON_NAME = AppIcon;
				CLANG_ENABLE_MODULES = YES;
				CODE_SIGN_IDENTITY = "iPhone Developer";
				ENABLE_BITCODE = NO;
				FRAMEWORK_SEARCH_PATHS = (
					"$(inherited)",
					"$(PROJECT_DIR)",
				);
				INFOPLIST_FILE = MiniKart/Info.plist;
				LD_RUNPATH_SEARCH_PATHS = "$(inherited) @executable_path/Frameworks";
				PRODUCT_BUNDLE_IDENTIFIER = com.flint.MiniKart;
				PRODUCT_NAME = "$(TARGET_NAME)";
				SWIFT_OBJC_BRIDGING_HEADER = "MiniKart/MiniKart-Bridging-Header.h";
				TARGETED_DEVICE_FAMILY = "1,2";
			};
			name = Release;
		};
		4FDF700D1BB08CE30029FEAE /* Debug */ = {
			isa = XCBuildConfiguration;
			buildSettings = {
				BUNDLE_LOADER = "$(TEST_HOST)";
				INFOPLIST_FILE = MiniKartTests/Info.plist;
				LD_RUNPATH_SEARCH_PATHS = "$(inherited) @executable_path/Frameworks @loader_path/Frameworks";
				PRODUCT_BUNDLE_IDENTIFIER = com.flint.MiniKartTests;
				PRODUCT_NAME = "$(TARGET_NAME)";
				TEST_HOST = "$(BUILT_PRODUCTS_DIR)/MiniKart.app/MiniKart";
			};
			name = Debug;
		};
		4FDF700E1BB08CE30029FEAE /* Release */ = {
			isa = XCBuildConfiguration;
			buildSettings = {
				BUNDLE_LOADER = "$(TEST_HOST)";
				INFOPLIST_FILE = MiniKartTests/Info.plist;
				LD_RUNPATH_SEARCH_PATHS = "$(inherited) @executable_path/Frameworks @loader_path/Frameworks";
				PRODUCT_BUNDLE_IDENTIFIER = com.flint.MiniKartTests;
				PRODUCT_NAME = "$(TARGET_NAME)";
				TEST_HOST = "$(BUILT_PRODUCTS_DIR)/MiniKart.app/MiniKart";
			};
			name = Release;
		};
		4FDF70101BB08CE30029FEAE /* Debug */ = {
			isa = XCBuildConfiguration;
			buildSettings = {
				INFOPLIST_FILE = MiniKartUITests/Info.plist;
				LD_RUNPATH_SEARCH_PATHS = "$(inherited) @executable_path/Frameworks @loader_path/Frameworks";
				PRODUCT_BUNDLE_IDENTIFIER = com.flint.MiniKartUITests;
				PRODUCT_NAME = "$(TARGET_NAME)";
				TEST_TARGET_NAME = MiniKart;
				USES_XCTRUNNER = YES;
			};
			name = Debug;
		};
		4FDF70111BB08CE30029FEAE /* Release */ = {
			isa = XCBuildConfiguration;
			buildSettings = {
				INFOPLIST_FILE = MiniKartUITests/Info.plist;
				LD_RUNPATH_SEARCH_PATHS = "$(inherited) @executable_path/Frameworks @loader_path/Frameworks";
				PRODUCT_BUNDLE_IDENTIFIER = com.flint.MiniKartUITests;
				PRODUCT_NAME = "$(TARGET_NAME)";
				TEST_TARGET_NAME = MiniKart;
				USES_XCTRUNNER = YES;
			};
			name = Release;
		};
/* End XCBuildConfiguration section */

/* Begin XCConfigurationList section */
		4FDF6FDA1BB08CE30029FEAE /* Build configuration list for PBXProject "MiniKart" */ = {
			isa = XCConfigurationList;
			buildConfigurations = (
				4FDF70071BB08CE30029FEAE /* Debug */,
				4FDF70081BB08CE30029FEAE /* Release */,
			);
			defaultConfigurationIsVisible = 0;
			defaultConfigurationName = Release;
		};
		4FDF70091BB08CE30029FEAE /* Build configuration list for PBXNativeTarget "MiniKart" */ = {
			isa = XCConfigurationList;
			buildConfigurations = (
				4FDF700A1BB08CE30029FEAE /* Debug */,
				4FDF700B1BB08CE30029FEAE /* Release */,
			);
			defaultConfigurationIsVisible = 0;
			defaultConfigurationName = Release;
		};
		4FDF700C1BB08CE30029FEAE /* Build configuration list for PBXNativeTarget "MiniKartTests" */ = {
			isa = XCConfigurationList;
			buildConfigurations = (
				4FDF700D1BB08CE30029FEAE /* Debug */,
				4FDF700E1BB08CE30029FEAE /* Release */,
			);
			defaultConfigurationIsVisible = 0;
			defaultConfigurationName = Release;
		};
		4FDF700F1BB08CE30029FEAE /* Build configuration list for PBXNativeTarget "MiniKartUITests" */ = {
			isa = XCConfigurationList;
			buildConfigurations = (
				4FDF70101BB08CE30029FEAE /* Debug */,
				4FDF70111BB08CE30029FEAE /* Release */,
			);
			defaultConfigurationIsVisible = 0;
			defaultConfigurationName = Release;
		};
/* End XCConfigurationList section */
	};
	rootObject = 4FDF6FD71BB08CE30029FEAE /* Project object */;
}
